
Microsoft Visual Studio Solution File, Format Version 12.00
# Visual Studio Version 16
VisualStudioVersion = 16.0.29806.167
MinimumVisualStudioVersion = 10.0.40219.1
Project("{FAE04EC0-301F-11D3-BF4B-00C04F79EFBC}") = "InsaneDifficultyMod", "InsaneDifficultyMod\InsaneDifficultyMod.csproj", "{8D33077E-0962-4D73-AA23-20EA2CEC7AF1}"
EndProject
Project("{FAE04EC0-301F-11D3-BF4B-00C04F79EFBC}") = "NaturalDisastersMod", "NaturalDisastersMod\NaturalDisastersMod.csproj", "{6E3AC11D-0C74-4A7D-88BD-23876450628B}"
EndProject
Project("{FAE04EC0-301F-11D3-BF4B-00C04F79EFBC}") = "KCStatisticsMod", "StatisticsMod\KCStatisticsMod.csproj", "{C4073DAC-7A71-46B8-A467-F25434C32EF3}"
EndProject
Project("{FAE04EC0-301F-11D3-BF4B-00C04F79EFBC}") = "ElevationExperiment", "ElevationExperiment\ElevationExperiment.csproj", "{C9EE86C6-77DD-4F48-A54C-AA599A735643}"
EndProject
Project("{FAE04EC0-301F-11D3-BF4B-00C04F79EFBC}") = "ReskinTest", "ReskinTest\ReskinTest.csproj", "{B8B6D8FC-A234-4DEB-9CDB-9BE6C385D157}"
EndProject
Project("{FAE04EC0-301F-11D3-BF4B-00C04F79EFBC}") = "KCModUtils", "KCModUtils\KCModUtils.csproj", "{BF04E4A7-A7B9-438B-A317-091D43CF256B}"
EndProject
Project("{2150E333-8FDC-42A3-9474-1A3956D46DE8}") = "Mods", "Mods", "{4B78C75F-89C5-4CF9-97F2-3A4C3B8CF037}"
EndProject
Project("{FAE04EC0-301F-11D3-BF4B-00C04F79EFBC}") = "CrimeMod", "Mods\CrimeMod\CrimeMod.csproj", "{FE6B621D-740B-4FD4-9C30-3C803007CE0C}"
EndProject
Project("{FAE04EC0-301F-11D3-BF4B-00C04F79EFBC}") = "TimelapseRecorderMod", "Mods\TimelapseRecorderMod\TimelapseRecorderMod.csproj", "{FC60AF8D-8D13-4006-BA6F-8F64D0DC2E8E}"
EndProject
Project("{FAE04EC0-301F-11D3-BF4B-00C04F79EFBC}") = "ReskingText_TPunko", "ReskingText_TPunko\ReskingText_TPunko.csproj", "{26C1C313-7B49-4487-A575-118DC8F25050}"
EndProject
Global
	GlobalSection(SolutionConfigurationPlatforms) = preSolution
		Debug|Any CPU = Debug|Any CPU
		Release|Any CPU = Release|Any CPU
	EndGlobalSection
	GlobalSection(ProjectConfigurationPlatforms) = postSolution
		{8D33077E-0962-4D73-AA23-20EA2CEC7AF1}.Debug|Any CPU.ActiveCfg = Debug|Any CPU
		{8D33077E-0962-4D73-AA23-20EA2CEC7AF1}.Debug|Any CPU.Build.0 = Debug|Any CPU
		{8D33077E-0962-4D73-AA23-20EA2CEC7AF1}.Release|Any CPU.ActiveCfg = Release|Any CPU
		{8D33077E-0962-4D73-AA23-20EA2CEC7AF1}.Release|Any CPU.Build.0 = Release|Any CPU
		{6E3AC11D-0C74-4A7D-88BD-23876450628B}.Debug|Any CPU.ActiveCfg = Debug|Any CPU
		{6E3AC11D-0C74-4A7D-88BD-23876450628B}.Debug|Any CPU.Build.0 = Debug|Any CPU
		{6E3AC11D-0C74-4A7D-88BD-23876450628B}.Release|Any CPU.ActiveCfg = Release|Any CPU
		{6E3AC11D-0C74-4A7D-88BD-23876450628B}.Release|Any CPU.Build.0 = Release|Any CPU
		{C4073DAC-7A71-46B8-A467-F25434C32EF3}.Debug|Any CPU.ActiveCfg = Debug|Any CPU
		{C4073DAC-7A71-46B8-A467-F25434C32EF3}.Debug|Any CPU.Build.0 = Debug|Any CPU
		{C4073DAC-7A71-46B8-A467-F25434C32EF3}.Release|Any CPU.ActiveCfg = Release|Any CPU
		{C4073DAC-7A71-46B8-A467-F25434C32EF3}.Release|Any CPU.Build.0 = Release|Any CPU
		{C9EE86C6-77DD-4F48-A54C-AA599A735643}.Debug|Any CPU.ActiveCfg = Debug|Any CPU
		{C9EE86C6-77DD-4F48-A54C-AA599A735643}.Debug|Any CPU.Build.0 = Debug|Any CPU
		{C9EE86C6-77DD-4F48-A54C-AA599A735643}.Release|Any CPU.ActiveCfg = Release|Any CPU
		{C9EE86C6-77DD-4F48-A54C-AA599A735643}.Release|Any CPU.Build.0 = Release|Any CPU
		{B8B6D8FC-A234-4DEB-9CDB-9BE6C385D157}.Debug|Any CPU.ActiveCfg = Debug|Any CPU
		{B8B6D8FC-A234-4DEB-9CDB-9BE6C385D157}.Debug|Any CPU.Build.0 = Debug|Any CPU
		{B8B6D8FC-A234-4DEB-9CDB-9BE6C385D157}.Release|Any CPU.ActiveCfg = Release|Any CPU
		{B8B6D8FC-A234-4DEB-9CDB-9BE6C385D157}.Release|Any CPU.Build.0 = Release|Any CPU
		{BF04E4A7-A7B9-438B-A317-091D43CF256B}.Debug|Any CPU.ActiveCfg = Debug|Any CPU
		{BF04E4A7-A7B9-438B-A317-091D43CF256B}.Debug|Any CPU.Build.0 = Debug|Any CPU
		{BF04E4A7-A7B9-438B-A317-091D43CF256B}.Release|Any CPU.ActiveCfg = Release|Any CPU
		{BF04E4A7-A7B9-438B-A317-091D43CF256B}.Release|Any CPU.Build.0 = Release|Any CPU
		{FE6B621D-740B-4FD4-9C30-3C803007CE0C}.Debug|Any CPU.ActiveCfg = Debug|Any CPU
		{FE6B621D-740B-4FD4-9C30-3C803007CE0C}.Debug|Any CPU.Build.0 = Debug|Any CPU
		{FE6B621D-740B-4FD4-9C30-3C803007CE0C}.Release|Any CPU.ActiveCfg = Release|Any CPU
		{FE6B621D-740B-4FD4-9C30-3C803007CE0C}.Release|Any CPU.Build.0 = Release|Any CPU
		{FC60AF8D-8D13-4006-BA6F-8F64D0DC2E8E}.Debug|Any CPU.ActiveCfg = Debug|Any CPU
		{FC60AF8D-8D13-4006-BA6F-8F64D0DC2E8E}.Debug|Any CPU.Build.0 = Debug|Any CPU
		{FC60AF8D-8D13-4006-BA6F-8F64D0DC2E8E}.Release|Any CPU.ActiveCfg = Release|Any CPU
		{FC60AF8D-8D13-4006-BA6F-8F64D0DC2E8E}.Release|Any CPU.Build.0 = Release|Any CPU
		{26C1C313-7B49-4487-A575-118DC8F25050}.Debug|Any CPU.ActiveCfg = Debug|Any CPU
		{26C1C313-7B49-4487-A575-118DC8F25050}.Debug|Any CPU.Build.0 = Debug|Any CPU
		{26C1C313-7B49-4487-A575-118DC8F25050}.Release|Any CPU.ActiveCfg = Release|Any CPU
		{26C1C313-7B49-4487-A575-118DC8F25050}.Release|Any CPU.Build.0 = Release|Any CPU
	EndGlobalSection
	GlobalSection(SolutionProperties) = preSolution
		HideSolutionNode = FALSE
	EndGlobalSection
	GlobalSection(NestedProjects) = preSolution
		{8D33077E-0962-4D73-AA23-20EA2CEC7AF1} = {4B78C75F-89C5-4CF9-97F2-3A4C3B8CF037}
		{6E3AC11D-0C74-4A7D-88BD-23876450628B} = {4B78C75F-89C5-4CF9-97F2-3A4C3B8CF037}
		{C4073DAC-7A71-46B8-A467-F25434C32EF3} = {4B78C75F-89C5-4CF9-97F2-3A4C3B8CF037}
		{C9EE86C6-77DD-4F48-A54C-AA599A735643} = {4B78C75F-89C5-4CF9-97F2-3A4C3B8CF037}
		{FE6B621D-740B-4FD4-9C30-3C803007CE0C} = {4B78C75F-89C5-4CF9-97F2-3A4C3B8CF037}
		{FC60AF8D-8D13-4006-BA6F-8F64D0DC2E8E} = {4B78C75F-89C5-4CF9-97F2-3A4C3B8CF037}
	EndGlobalSection
	GlobalSection(ExtensibilityGlobals) = postSolution
		SolutionGuid = {C7323219-F490-441B-A52F-9B980E964905}
	EndGlobalSection
EndGlobal
